{
  "name": "opm-go",
  "lockfileVersion": 3,
  "requires": true,
  "packages": {
    "": {
      "name": "opm-go",
      "devDependencies": {
        "@openproficiency/schema": "0.1.1"
      }
    },
    "node_modules/@openproficiency/schema": {
      "version": "0.1.1",
      "resolved": "https://registry.npmjs.org/@openproficiency/schema/-/schema-0.1.1.tgz",
      "integrity": "sha512-VqQ/5nRTfeH/KQv2580UY5tDLvWWsbQ1oJfNGi3QOv8y9w/aSZB7bphHLtPrDCqZa7qmotNN3TDyUsQ9DZeXQg==",
      "dev": true,
      "license": "Apache-2.0"
    }
  }
}
